
Microsoft Visual Studio Solution File, Format Version 12.00
# Visual Studio Version 17
VisualStudioVersion = 17.0.31903.59
MinimumVisualStudioVersion = 10.0.40219.1
Project("{9A19103F-16F7-4668-BE54-9A1E7A4F7556}") = "BackendTestTask.API", "src\BackendTestTask.API\BackendTestTask.API.csproj", "{BB6A5A36-ED4B-4573-BCB2-5E405ED73165}"
EndProject
Project("{FAE04EC0-301F-11D3-BF4B-00C04F79EFBC}") = "BackendTestTask.DataAccess", "src\BackendTestTask.DataAccess\BackendTestTask.DataAccess.csproj", "{F89F60E1-3FF1-4C70-AF35-582566F1E2F0}"
EndProject
Project("{FAE04EC0-301F-11D3-BF4B-00C04F79EFBC}") = "BackendTestTask.BusinessLogic", "src\BackendTestTask.BusinessLogic\BackendTestTask.BusinessLogic.csproj", "{1543B255-3C39-4FBD-BF40-678B95490A7D}"
EndProject
Project("{FAE04EC0-301F-11D3-BF4B-00C04F79EFBC}") = "BackendTestTask.DatabaseMigrator", "src\BackendTestTask.DatabaseMigrator\BackendTestTask.DatabaseMigrator.csproj", "{56140916-2953-442F-B6E0-837FA6BBFD4E}"
EndProject
Global
	GlobalSection(SolutionConfigurationPlatforms) = preSolution
		Debug|Any CPU = Debug|Any CPU
		Release|Any CPU = Release|Any CPU
	EndGlobalSection
	GlobalSection(ProjectConfigurationPlatforms) = postSolution
		{BB6A5A36-ED4B-4573-BCB2-5E405ED73165}.Debug|Any CPU.ActiveCfg = Debug|Any CPU
		{BB6A5A36-ED4B-4573-BCB2-5E405ED73165}.Debug|Any CPU.Build.0 = Debug|Any CPU
		{BB6A5A36-ED4B-4573-BCB2-5E405ED73165}.Release|Any CPU.ActiveCfg = Release|Any CPU
		{BB6A5A36-ED4B-4573-BCB2-5E405ED73165}.Release|Any CPU.Build.0 = Release|Any CPU
		{F89F60E1-3FF1-4C70-AF35-582566F1E2F0}.Debug|Any CPU.ActiveCfg = Debug|Any CPU
		{F89F60E1-3FF1-4C70-AF35-582566F1E2F0}.Debug|Any CPU.Build.0 = Debug|Any CPU
		{F89F60E1-3FF1-4C70-AF35-582566F1E2F0}.Release|Any CPU.ActiveCfg = Release|Any CPU
		{F89F60E1-3FF1-4C70-AF35-582566F1E2F0}.Release|Any CPU.Build.0 = Release|Any CPU
		{1543B255-3C39-4FBD-BF40-678B95490A7D}.Debug|Any CPU.ActiveCfg = Debug|Any CPU
		{1543B255-3C39-4FBD-BF40-678B95490A7D}.Debug|Any CPU.Build.0 = Debug|Any CPU
		{1543B255-3C39-4FBD-BF40-678B95490A7D}.Release|Any CPU.ActiveCfg = Release|Any CPU
		{1543B255-3C39-4FBD-BF40-678B95490A7D}.Release|Any CPU.Build.0 = Release|Any CPU
		{56140916-2953-442F-B6E0-837FA6BBFD4E}.Debug|Any CPU.ActiveCfg = Debug|Any CPU
		{56140916-2953-442F-B6E0-837FA6BBFD4E}.Debug|Any CPU.Build.0 = Debug|Any CPU
		{56140916-2953-442F-B6E0-837FA6BBFD4E}.Release|Any CPU.ActiveCfg = Release|Any CPU
		{56140916-2953-442F-B6E0-837FA6BBFD4E}.Release|Any CPU.Build.0 = Release|Any CPU
	EndGlobalSection
	GlobalSection(SolutionProperties) = preSolution
		HideSolutionNode = FALSE
	EndGlobalSection
	GlobalSection(ExtensibilityGlobals) = postSolution
		SolutionGuid = {F84DBBF6-6623-41D8-94B7-F02246902BBD}
	EndGlobalSection
EndGlobal
